
Microsoft Visual Studio Solution File, Format Version 12.00
# Visual Studio 15
VisualStudioVersion = 15.0.28307.438
MinimumVisualStudioVersion = 10.0.40219.1
Project("{FAE04EC0-301F-11D3-BF4B-00C04F79EFBC}") = "lesson_1", "lesson_1\lesson_1.csproj", "{C14FE7E0-8525-4BFE-8276-72B900692CD9}"
EndProject
Global
	GlobalSection(SolutionConfigurationPlatforms) = preSolution
		Debug|Any CPU = Debug|Any CPU
		Release|Any CPU = Release|Any CPU
	EndGlobalSection
	GlobalSection(ProjectConfigurationPlatforms) = postSolution
		{C14FE7E0-8525-4BFE-8276-72B900692CD9}.Debug|Any CPU.ActiveCfg = Debug|Any CPU
		{C14FE7E0-8525-4BFE-8276-72B900692CD9}.Debug|Any CPU.Build.0 = Debug|Any CPU
		{C14FE7E0-8525-4BFE-8276-72B900692CD9}.Release|Any CPU.ActiveCfg = Release|Any CPU
		{C14FE7E0-8525-4BFE-8276-72B900692CD9}.Release|Any CPU.Build.0 = Release|Any CPU
	EndGlobalSection
	GlobalSection(SolutionProperties) = preSolution
		HideSolutionNode = FALSE
	EndGlobalSection
	GlobalSection(ExtensibilityGlobals) = postSolution
		SolutionGuid = {312A3A44-5180-4163-8938-CCE59A69DF10}
	EndGlobalSection
EndGlobal
